
Microsoft Visual Studio Solution File, Format Version 12.00
# Visual Studio Version 17
VisualStudioVersion = 17.5.002.0
MinimumVisualStudioVersion = 10.0.40219.1
Project("{9A19103F-16F7-4668-BE54-9A1E7A4F7556}") = "TextEditor", "TextEditor\TextEditor.csproj", "{91457A45-EF60-40EE-9B3C-D0BDA1366017}"
EndProject
Global
	GlobalSection(SolutionConfigurationPlatforms) = preSolution
		Debug|Any CPU = Debug|Any CPU
		Release|Any CPU = Release|Any CPU
	EndGlobalSection
	GlobalSection(ProjectConfigurationPlatforms) = postSolution
		{91457A45-EF60-40EE-9B3C-D0BDA1366017}.Debug|Any CPU.ActiveCfg = Debug|Any CPU
		{91457A45-EF60-40EE-9B3C-D0BDA1366017}.Debug|Any CPU.Build.0 = Debug|Any CPU
		{91457A45-EF60-40EE-9B3C-D0BDA1366017}.Release|Any CPU.ActiveCfg = Release|Any CPU
		{91457A45-EF60-40EE-9B3C-D0BDA1366017}.Release|Any CPU.Build.0 = Release|Any CPU
	EndGlobalSection
	GlobalSection(SolutionProperties) = preSolution
		HideSolutionNode = FALSE
	EndGlobalSection
	GlobalSection(ExtensibilityGlobals) = postSolution
		SolutionGuid = {277AD670-9C97-4D27-A0F1-336410CBEA5A}
	EndGlobalSection
EndGlobal
